
Microsoft Visual Studio Solution File, Format Version 12.00
# Visual Studio 14
VisualStudioVersion = 14.0.23107.0
MinimumVisualStudioVersion = 10.0.40219.1
Project("{FAE04EC0-301F-11D3-BF4B-00C04F79EFBC}") = "VideoClub.Core", "VideoClub.Core\VideoClub.Core.csproj", "{E9BFB4CA-8CB9-4251-A482-E868DA174300}"
EndProject
Project("{FAE04EC0-301F-11D3-BF4B-00C04F79EFBC}") = "VideoClub.SpecFlowTest", "VideoClub.SpecFlowTest\VideoClub.SpecFlowTest.csproj", "{B7433F92-00C0-4917-BC4E-96B40243FAF1}"
EndProject
Project("{FAE04EC0-301F-11D3-BF4B-00C04F79EFBC}") = "VideoClub.TddTest", "VideoClub.TddTest\VideoClub.TddTest.csproj", "{7AD21437-2881-429E-BF58-AE9EF3700E5B}"
EndProject
Project("{FAE04EC0-301F-11D3-BF4B-00C04F79EFBC}") = "VideoClub.Web", "VideoClub.Web\VideoClub.Web.csproj", "{C1A5F3AA-7E35-4C28-B586-B866F5EE1D17}"
EndProject
Global
	GlobalSection(SolutionConfigurationPlatforms) = preSolution
		Debug|Any CPU = Debug|Any CPU
		Release|Any CPU = Release|Any CPU
	EndGlobalSection
	GlobalSection(ProjectConfigurationPlatforms) = postSolution
		{E9BFB4CA-8CB9-4251-A482-E868DA174300}.Debug|Any CPU.ActiveCfg = Debug|Any CPU
		{E9BFB4CA-8CB9-4251-A482-E868DA174300}.Debug|Any CPU.Build.0 = Debug|Any CPU
		{E9BFB4CA-8CB9-4251-A482-E868DA174300}.Release|Any CPU.ActiveCfg = Release|Any CPU
		{E9BFB4CA-8CB9-4251-A482-E868DA174300}.Release|Any CPU.Build.0 = Release|Any CPU
		{B7433F92-00C0-4917-BC4E-96B40243FAF1}.Debug|Any CPU.ActiveCfg = Debug|Any CPU
		{B7433F92-00C0-4917-BC4E-96B40243FAF1}.Debug|Any CPU.Build.0 = Debug|Any CPU
		{B7433F92-00C0-4917-BC4E-96B40243FAF1}.Release|Any CPU.ActiveCfg = Release|Any CPU
		{B7433F92-00C0-4917-BC4E-96B40243FAF1}.Release|Any CPU.Build.0 = Release|Any CPU
		{7AD21437-2881-429E-BF58-AE9EF3700E5B}.Debug|Any CPU.ActiveCfg = Debug|Any CPU
		{7AD21437-2881-429E-BF58-AE9EF3700E5B}.Debug|Any CPU.Build.0 = Debug|Any CPU
		{7AD21437-2881-429E-BF58-AE9EF3700E5B}.Release|Any CPU.ActiveCfg = Release|Any CPU
		{7AD21437-2881-429E-BF58-AE9EF3700E5B}.Release|Any CPU.Build.0 = Release|Any CPU
		{C1A5F3AA-7E35-4C28-B586-B866F5EE1D17}.Debug|Any CPU.ActiveCfg = Debug|Any CPU
		{C1A5F3AA-7E35-4C28-B586-B866F5EE1D17}.Debug|Any CPU.Build.0 = Debug|Any CPU
		{C1A5F3AA-7E35-4C28-B586-B866F5EE1D17}.Release|Any CPU.ActiveCfg = Release|Any CPU
		{C1A5F3AA-7E35-4C28-B586-B866F5EE1D17}.Release|Any CPU.Build.0 = Release|Any CPU
	EndGlobalSection
	GlobalSection(SolutionProperties) = preSolution
		HideSolutionNode = FALSE
	EndGlobalSection
EndGlobal
